// !$*UTF8*$!
{
	archiveVersion = 1;
	classes = {
	};
	objectVersion = 52;
	objects = {

/* Begin PBXBuildFile section */
		407ACFB024E2765D002B800F /* BannerAd.swift in Sources */ = {isa = PBXBuildFile; fileRef = 407ACFAF24E2765D002B800F /* BannerAd.swift */; };
		407ACFB224E27662002B800F /* Interstitial.swift in Sources */ = {isa = PBXBuildFile; fileRef = 407ACFB124E27662002B800F /* Interstitial.swift */; };
		407ACFB424E27666002B800F /* Rewarded.swift in Sources */ = {isa = PBXBuildFile; fileRef = 407ACFB324E27666002B800F /* Rewarded.swift */; };
		40D1ADE524E00D40000E8B12 /* AppDelegate.swift in Sources */ = {isa = PBXBuildFile; fileRef = 40D1ADE424E00D40000E8B12 /* AppDelegate.swift */; };
		40D1ADE724E00D40000E8B12 /* SceneDelegate.swift in Sources */ = {isa = PBXBuildFile; fileRef = 40D1ADE624E00D40000E8B12 /* SceneDelegate.swift */; };
		40D1ADE924E00D40000E8B12 /* ContentView.swift in Sources */ = {isa = PBXBuildFile; fileRef = 40D1ADE824E00D40000E8B12 /* ContentView.swift */; };
		40D1ADEB24E00D43000E8B12 /* Assets.xcassets in Resources */ = {isa = PBXBuildFile; fileRef = 40D1ADEA24E00D43000E8B12 /* Assets.xcassets */; };
		40D1ADEE24E00D43000E8B12 /* Preview Assets.xcassets in Resources */ = {isa = PBXBuildFile; fileRef = 40D1ADED24E00D43000E8B12 /* Preview Assets.xcassets */; };
		40D1ADF124E00D43000E8B12 /* LaunchScreen.storyboard in Resources */ = {isa = PBXBuildFile; fileRef = 40D1ADEF24E00D43000E8B12 /* LaunchScreen.storyboard */; };
		40D1ADFA24E00DBA000E8B12 /* Neumorphic in Frameworks */ = {isa = PBXBuildFile; productRef = 40D1ADF924E00DBA000E8B12 /* Neumorphic */; };
		D24A88F916CA4030B9EEB7A3 /* Pods_AdsDemo.framework in Frameworks */ = {isa = PBXBuildFile; fileRef = E3C38B8751D48BAF62E31E87 /* Pods_AdsDemo.framework */; };
/* End PBXBuildFile section */

/* Begin PBXFileReference section */
		407ACFAF24E2765D002B800F /* BannerAd.swift */ = {isa = PBXFileReference; fileEncoding = 4; lastKnownFileType = sourcecode.swift; path = BannerAd.swift; sourceTree = "<group>"; };
		407ACFB124E27662002B800F /* Interstitial.swift */ = {isa = PBXFileReference; fileEncoding = 4; lastKnownFileType = sourcecode.swift; path = Interstitial.swift; sourceTree = "<group>"; };
		407ACFB324E27666002B800F /* Rewarded.swift */ = {isa = PBXFileReference; fileEncoding = 4; lastKnownFileType = sourcecode.swift; path = Rewarded.swift; sourceTree = "<group>"; };
		40D1ADE124E00D40000E8B12 /* AdsDemo.app */ = {isa = PBXFileReference; explicitFileType = wrapper.application; includeInIndex = 0; path = AdsDemo.app; sourceTree = BUILT_PRODUCTS_DIR; };
		40D1ADE424E00D40000E8B12 /* AppDelegate.swift */ = {isa = PBXFileReference; lastKnownFileType = sourcecode.swift; path = AppDelegate.swift; sourceTree = "<group>"; };
		40D1ADE624E00D40000E8B12 /* SceneDelegate.swift */ = {isa = PBXFileReference; lastKnownFileType = sourcecode.swift; path = SceneDelegate.swift; sourceTree = "<group>"; };
		40D1ADE824E00D40000E8B12 /* ContentView.swift */ = {isa = PBXFileReference; lastKnownFileType = sourcecode.swift; path = ContentView.swift; sourceTree = "<group>"; };
		40D1ADEA24E00D43000E8B12 /* Assets.xcassets */ = {isa = PBXFileReference; lastKnownFileType = folder.assetcatalog; path = Assets.xcassets; sourceTree = "<group>"; };
		40D1ADED24E00D43000E8B12 /* Preview Assets.xcassets */ = {isa = PBXFileReference; lastKnownFileType = folder.assetcatalog; path = "Preview Assets.xcassets"; sourceTree = "<group>"; };
		40D1ADF024E00D43000E8B12 /* Base */ = {isa = PBXFileReference; lastKnownFileType = file.storyboard; name = Base; path = Base.lproj/LaunchScreen.storyboard; sourceTree = "<group>"; };
		40D1ADF224E00D43000E8B12 /* Info.plist */ = {isa = PBXFileReference; lastKnownFileType = text.plist.xml; path = Info.plist; sourceTree = "<group>"; };
		5B7C2B3C3FECF5A5B0CE3B11 /* Pods-AdsDemo.debug.xcconfig */ = {isa = PBXFileReference; includeInIndex = 1; lastKnownFileType = text.xcconfig; name = "Pods-AdsDemo.debug.xcconfig"; path = "Target Support Files/Pods-AdsDemo/Pods-AdsDemo.debug.xcconfig"; sourceTree = "<group>"; };
		B4A30A0B8CBEE438B511C719 /* Pods-AdsDemo.release.xcconfig */ = {isa = PBXFileReference; includeInIndex = 1; lastKnownFileType = text.xcconfig; name = "Pods-AdsDemo.release.xcconfig"; path = "Target Support Files/Pods-AdsDemo/Pods-AdsDemo.release.xcconfig"; sourceTree = "<group>"; };
		E3C38B8751D48BAF62E31E87 /* Pods_AdsDemo.framework */ = {isa = PBXFileReference; explicitFileType = wrapper.framework; includeInIndex = 0; path = Pods_AdsDemo.framework; sourceTree = BUILT_PRODUCTS_DIR; };
/* End PBXFileReference section */

/* Begin PBXFrameworksBuildPhase section */
		40D1ADDE24E00D40000E8B12 /* Frameworks */ = {
			isa = PBXFrameworksBuildPhase;
			buildActionMask = 2147483647;
			files = (
				40D1ADFA24E00DBA000E8B12 /* Neumorphic in Frameworks */,
				D24A88F916CA4030B9EEB7A3 /* Pods_AdsDemo.framework in Frameworks */,
			);
			runOnlyForDeploymentPostprocessing = 0;
		};
/* End PBXFrameworksBuildPhase section */

/* Begin PBXGroup section */
		407ACFB524E27C04002B800F /* Ads */ = {
			isa = PBXGroup;
			children = (
				407ACFAF24E2765D002B800F /* BannerAd.swift */,
				407ACFB124E27662002B800F /* Interstitial.swift */,
				407ACFB324E27666002B800F /* Rewarded.swift */,
			);
			path = Ads;
			sourceTree = "<group>";
		};
		40D1ADD824E00D40000E8B12 = {
			isa = PBXGroup;
			children = (
				40D1ADE324E00D40000E8B12 /* AdsDemo */,
				40D1ADE224E00D40000E8B12 /* Products */,
				A575839A772881A939E610BD /* Pods */,
				6B3C3D06D0004A3832CB1C8B /* Frameworks */,
			);
			sourceTree = "<group>";
		};
		40D1ADE224E00D40000E8B12 /* Products */ = {
			isa = PBXGroup;
			children = (
				40D1ADE124E00D40000E8B12 /* AdsDemo.app */,
			);
			name = Products;
			sourceTree = "<group>";
		};
		40D1ADE324E00D40000E8B12 /* AdsDemo */ = {
			isa = PBXGroup;
			children = (
				40D1ADE424E00D40000E8B12 /* AppDelegate.swift */,
				40D1ADE624E00D40000E8B12 /* SceneDelegate.swift */,
				407ACFB524E27C04002B800F /* Ads */,
				40D1ADE824E00D40000E8B12 /* ContentView.swift */,
				40D1ADEA24E00D43000E8B12 /* Assets.xcassets */,
				40D1ADEF24E00D43000E8B12 /* LaunchScreen.storyboard */,
				40D1ADF224E00D43000E8B12 /* Info.plist */,
				40D1ADEC24E00D43000E8B12 /* Preview Content */,
			);
			path = AdsDemo;
			sourceTree = "<group>";
		};
		40D1ADEC24E00D43000E8B12 /* Preview Content */ = {
			isa = PBXGroup;
			children = (
				40D1ADED24E00D43000E8B12 /* Preview Assets.xcassets */,
			);
			path = "Preview Content";
			sourceTree = "<group>";
		};
		6B3C3D06D0004A3832CB1C8B /* Frameworks */ = {
			isa = PBXGroup;
			children = (
				E3C38B8751D48BAF62E31E87 /* Pods_AdsDemo.framework */,
			);
			name = Frameworks;
			sourceTree = "<group>";
		};
		A575839A772881A939E610BD /* Pods */ = {
			isa = PBXGroup;
			children = (
				5B7C2B3C3FECF5A5B0CE3B11 /* Pods-AdsDemo.debug.xcconfig */,
				B4A30A0B8CBEE438B511C719 /* Pods-AdsDemo.release.xcconfig */,
			);
			path = Pods;
			sourceTree = "<group>";
		};
/* End PBXGroup section */

/* Begin PBXNativeTarget section */
		40D1ADE024E00D40000E8B12 /* AdsDemo */ = {
			isa = PBXNativeTarget;
			buildConfigurationList = 40D1ADF524E00D43000E8B12 /* Build configuration list for PBXNativeTarget "AdsDemo" */;
			buildPhases = (
				2C745E594BDAD2F094AB81CD /* [CP] Check Pods Manifest.lock */,
				40D1ADDD24E00D40000E8B12 /* Sources */,
				40D1ADDE24E00D40000E8B12 /* Frameworks */,
				40D1ADDF24E00D40000E8B12 /* Resources */,
				04878B2AD5361563338C5777 /* [CP] Embed Pods Frameworks */,
			);
			buildRules = (
			);
			dependencies = (
			);
			name = AdsDemo;
			packageProductDependencies = (
				40D1ADF924E00DBA000E8B12 /* Neumorphic */,
			);
			productName = AdsDemo;
			productReference = 40D1ADE124E00D40000E8B12 /* AdsDemo.app */;
			productType = "com.apple.product-type.application";
		};
/* End PBXNativeTarget section */

/* Begin PBXProject section */
		40D1ADD924E00D40000E8B12 /* Project object */ = {
			isa = PBXProject;
			attributes = {
				LastSwiftUpdateCheck = 1160;
				LastUpgradeCheck = 1240;
				ORGANIZATIONNAME = "Sheikh Bayazid";
				TargetAttributes = {
					40D1ADE024E00D40000E8B12 = {
						CreatedOnToolsVersion = 11.6;
					};
				};
			};
			buildConfigurationList = 40D1ADDC24E00D40000E8B12 /* Build configuration list for PBXProject "AdsDemo" */;
			compatibilityVersion = "Xcode 9.3";
			developmentRegion = en;
			hasScannedForEncodings = 0;
			knownRegions = (
				en,
				Base,
			);
			mainGroup = 40D1ADD824E00D40000E8B12;
			packageReferences = (
				40D1ADF824E00DBA000E8B12 /* XCRemoteSwiftPackageReference "neumorphic" */,
			);
			productRefGroup = 40D1ADE224E00D40000E8B12 /* Products */;
			projectDirPath = "";
			projectRoot = "";
			targets = (
				40D1ADE024E00D40000E8B12 /* AdsDemo */,
			);
		};
/* End PBXProject section */

/* Begin PBXResourcesBuildPhase section */
		40D1ADDF24E00D40000E8B12 /* Resources */ = {
			isa = PBXResourcesBuildPhase;
			buildActionMask = 2147483647;
			files = (
				40D1ADF124E00D43000E8B12 /* LaunchScreen.storyboard in Resources */,
				40D1ADEE24E00D43000E8B12 /* Preview Assets.xcassets in Resources */,
				40D1ADEB24E00D43000E8B12 /* Assets.xcassets in Resources */,
			);
			runOnlyForDeploymentPostprocessing = 0;
		};
/* End PBXResourcesBuildPhase section */

/* Begin PBXShellScriptBuildPhase section */
		04878B2AD5361563338C5777 /* [CP] Embed Pods Frameworks */ = {
			isa = PBXShellScriptBuildPhase;
			buildActionMask = 2147483647;
			files = (
			);
			inputFileListPaths = (
				"${PODS_ROOT}/Target Support Files/Pods-AdsDemo/Pods-AdsDemo-frameworks-${CONFIGURATION}-input-files.xcfilelist",
			);
			name = "[CP] Embed Pods Frameworks";
			outputFileListPaths = (
				"${PODS_ROOT}/Target Support Files/Pods-AdsDemo/Pods-AdsDemo-frameworks-${CONFIGURATION}-output-files.xcfilelist",
			);
			runOnlyForDeploymentPostprocessing = 0;
			shellPath = /bin/sh;
			shellScript = "\"${PODS_ROOT}/Target Support Files/Pods-AdsDemo/Pods-AdsDemo-frameworks.sh\"\n";
			showEnvVarsInLog = 0;
		};
		2C745E594BDAD2F094AB81CD /* [CP] Check Pods Manifest.lock */ = {
			isa = PBXShellScriptBuildPhase;
			buildActionMask = 2147483647;
			files = (
			);
			inputFileListPaths = (
			);
			inputPaths = (
				"${PODS_PODFILE_DIR_PATH}/Podfile.lock",
				"${PODS_ROOT}/Manifest.lock",
			);
			name = "[CP] Check Pods Manifest.lock";
			outputFileListPaths = (
			);
			outputPaths = (
				"$(DERIVED_FILE_DIR)/Pods-AdsDemo-checkManifestLockResult.txt",
			);
			runOnlyForDeploymentPostprocessing = 0;
			shellPath = /bin/sh;
			shellScript = "diff \"${PODS_PODFILE_DIR_PATH}/Podfile.lock\" \"${PODS_ROOT}/Manifest.lock\" > /dev/null\nif [ $? != 0 ] ; then\n    # print error to STDERR\n    echo \"error: The sandbox is not in sync with the Podfile.lock. Run 'pod install' or update your CocoaPods installation.\" >&2\n    exit 1\nfi\n# This output is used by Xcode 'outputs' to avoid re-running this script phase.\necho \"SUCCESS\" > \"${SCRIPT_OUTPUT_FILE_0}\"\n";
			showEnvVarsInLog = 0;
		};
/* End PBXShellScriptBuildPhase section */

/* Begin PBXSourcesBuildPhase section */
		40D1ADDD24E00D40000E8B12 /* Sources */ = {
			isa = PBXSourcesBuildPhase;
			buildActionMask = 2147483647;
			files = (
				40D1ADE524E00D40000E8B12 /* AppDelegate.swift in Sources */,
				407ACFB224E27662002B800F /* Interstitial.swift in Sources */,
				407ACFB024E2765D002B800F /* BannerAd.swift in Sources */,
				40D1ADE724E00D40000E8B12 /* SceneDelegate.swift in Sources */,
				40D1ADE924E00D40000E8B12 /* ContentView.swift in Sources */,
				407ACFB424E27666002B800F /* Rewarded.swift in Sources */,
			);
			runOnlyForDeploymentPostprocessing = 0;
		};
/* End PBXSourcesBuildPhase section */

/* Begin PBXVariantGroup section */
		40D1ADEF24E00D43000E8B12 /* LaunchScreen.storyboard */ = {
			isa = PBXVariantGroup;
			children = (
				40D1ADF024E00D43000E8B12 /* Base */,
			);
			name = LaunchScreen.storyboard;
			sourceTree = "<group>";
		};
/* End PBXVariantGroup section */

/* Begin XCBuildConfiguration section */
		40D1ADF324E00D43000E8B12 /* Debug */ = {
			isa = XCBuildConfiguration;
			buildSettings = {
				ALWAYS_SEARCH_USER_PATHS = NO;
				CLANG_ANALYZER_NONNULL = YES;
				CLANG_ANALYZER_NUMBER_OBJECT_CONVERSION = YES_AGGRESSIVE;
				CLANG_CXX_LANGUAGE_STANDARD = "gnu++14";
				CLANG_CXX_LIBRARY = "libc++";
				CLANG_ENABLE_MODULES = YES;
				CLANG_ENABLE_OBJC_ARC = YES;
				CLANG_ENABLE_OBJC_WEAK = YES;
				CLANG_WARN_BLOCK_CAPTURE_AUTORELEASING = YES;
				CLANG_WARN_BOOL_CONVERSION = YES;
				CLANG_WARN_COMMA = YES;
				CLANG_WARN_CONSTANT_CONVERSION = YES;
				CLANG_WARN_DEPRECATED_OBJC_IMPLEMENTATIONS = YES;
				CLANG_WARN_DIRECT_OBJC_ISA_USAGE = YES_ERROR;
				CLANG_WARN_DOCUMENTATION_COMMENTS = YES;
				CLANG_WARN_EMPTY_BODY = YES;
				CLANG_WARN_ENUM_CONVERSION = YES;
				CLANG_WARN_INFINITE_RECURSION = YES;
				CLANG_WARN_INT_CONVERSION = YES;
				CLANG_WARN_NON_LITERAL_NULL_CONVERSION = YES;
				CLANG_WARN_OBJC_IMPLICIT_RETAIN_SELF = YES;
				CLANG_WARN_OBJC_LITERAL_CONVERSION = YES;
				CLANG_WARN_OBJC_ROOT_CLASS = YES_ERROR;
				CLANG_WARN_QUOTED_INCLUDE_IN_FRAMEWORK_HEADER = YES;
				CLANG_WARN_RANGE_LOOP_ANALYSIS = YES;
				CLANG_WARN_STRICT_PROTOTYPES = YES;
				CLANG_WARN_SUSPICIOUS_MOVE = YES;
				CLANG_WARN_UNGUARDED_AVAILABILITY = YES_AGGRESSIVE;
				CLANG_WARN_UNREACHABLE_CODE = YES;
				CLANG_WARN__DUPLICATE_METHOD_MATCH = YES;
				COPY_PHASE_STRIP = NO;
				DEBUG_INFORMATION_FORMAT = dwarf;
				ENABLE_STRICT_OBJC_MSGSEND = YES;
				ENABLE_TESTABILITY = YES;
				GCC_C_LANGUAGE_STANDARD = gnu11;
				GCC_DYNAMIC_NO_PIC = NO;
				GCC_NO_COMMON_BLOCKS = YES;
				GCC_OPTIMIZATION_LEVEL = 0;
				GCC_PREPROCESSOR_DEFINITIONS = (
					"DEBUG=1",
					"$(inherited)",
				);
				GCC_WARN_64_TO_32_BIT_CONVERSION = YES;
				GCC_WARN_ABOUT_RETURN_TYPE = YES_ERROR;
				GCC_WARN_UNDECLARED_SELECTOR = YES;
				GCC_WARN_UNINITIALIZED_AUTOS = YES_AGGRESSIVE;
				GCC_WARN_UNUSED_FUNCTION = YES;
				GCC_WARN_UNUSED_VARIABLE = YES;
				IPHONEOS_DEPLOYMENT_TARGET = 14.0;
				MTL_ENABLE_DEBUG_INFO = INCLUDE_SOURCE;
				MTL_FAST_MATH = YES;
				ONLY_ACTIVE_ARCH = YES;
				SDKROOT = iphoneos;
				SWIFT_ACTIVE_COMPILATION_CONDITIONS = DEBUG;
				SWIFT_OPTIMIZATION_LEVEL = "-Onone";
			};
			name = Debug;
		};
		40D1ADF424E00D43000E8B12 /* Release */ = {
			isa = XCBuildConfiguration;
			buildSettings = {
				ALWAYS_SEARCH_USER_PATHS = NO;
				CLANG_ANALYZER_NONNULL = YES;
				CLANG_ANALYZER_NUMBER_OBJECT_CONVERSION = YES_AGGRESSIVE;
				CLANG_CXX_LANGUAGE_STANDARD = "gnu++14";
				CLANG_CXX_LIBRARY = "libc++";
				CLANG_ENABLE_MODULES = YES;
				CLANG_ENABLE_OBJC_ARC = YES;
				CLANG_ENABLE_OBJC_WEAK = YES;
				CLANG_WARN_BLOCK_CAPTURE_AUTORELEASING = YES;
				CLANG_WARN_BOOL_CONVERSION = YES;
				CLANG_WARN_COMMA = YES;
				CLANG_WARN_CONSTANT_CONVERSION = YES;
				CLANG_WARN_DEPRECATED_OBJC_IMPLEMENTATIONS = YES;
				CLANG_WARN_DIRECT_OBJC_ISA_USAGE = YES_ERROR;
				CLANG_WARN_DOCUMENTATION_COMMENTS = YES;
				CLANG_WARN_EMPTY_BODY = YES;
				CLANG_WARN_ENUM_CONVERSION = YES;
				CLANG_WARN_INFINITE_RECURSION = YES;
				CLANG_WARN_INT_CONVERSION = YES;
				CLANG_WARN_NON_LITERAL_NULL_CONVERSION = YES;
				CLANG_WARN_OBJC_IMPLICIT_RETAIN_SELF = YES;
				CLANG_WARN_OBJC_LITERAL_CONVERSION = YES;
				CLANG_WARN_OBJC_ROOT_CLASS = YES_ERROR;
				CLANG_WARN_QUOTED_INCLUDE_IN_FRAMEWORK_HEADER = YES;
				CLANG_WARN_RANGE_LOOP_ANALYSIS = YES;
				CLANG_WARN_STRICT_PROTOTYPES = YES;
				CLANG_WARN_SUSPICIOUS_MOVE = YES;
				CLANG_WARN_UNGUARDED_AVAILABILITY = YES_AGGRESSIVE;
				CLANG_WARN_UNREACHABLE_CODE = YES;
				CLANG_WARN__DUPLICATE_METHOD_MATCH = YES;
				COPY_PHASE_STRIP = NO;
				DEBUG_INFORMATION_FORMAT = "dwarf-with-dsym";
				ENABLE_NS_ASSERTIONS = NO;
				ENABLE_STRICT_OBJC_MSGSEND = YES;
				GCC_C_LANGUAGE_STANDARD = gnu11;
				GCC_NO_COMMON_BLOCKS = YES;
				GCC_WARN_64_TO_32_BIT_CONVERSION = YES;
				GCC_WARN_ABOUT_RETURN_TYPE = YES_ERROR;
				GCC_WARN_UNDECLARED_SELECTOR = YES;
				GCC_WARN_UNINITIALIZED_AUTOS = YES_AGGRESSIVE;
				GCC_WARN_UNUSED_FUNCTION = YES;
				GCC_WARN_UNUSED_VARIABLE = YES;
				IPHONEOS_DEPLOYMENT_TARGET = 14.0;
				MTL_ENABLE_DEBUG_INFO = NO;
				MTL_FAST_MATH = YES;
				SDKROOT = iphoneos;
				SWIFT_COMPILATION_MODE = wholemodule;
				SWIFT_OPTIMIZATION_LEVEL = "-O";
				VALIDATE_PRODUCT = YES;
			};
			name = Release;
		};
		40D1ADF624E00D43000E8B12 /* Debug */ = {
			isa = XCBuildConfiguration;
			baseConfigurationReference = 5B7C2B3C3FECF5A5B0CE3B11 /* Pods-AdsDemo.debug.xcconfig */;
			buildSettings = {
				ASSETCATALOG_COMPILER_APPICON_NAME = AppIcon;
				CODE_SIGN_STYLE = Automatic;
				DEVELOPMENT_ASSET_PATHS = "\"AdsDemo/Preview Content\"";
				DEVELOPMENT_TEAM = SDJDQ86DG5;
				ENABLE_PREVIEWS = YES;
				INFOPLIST_FILE = AdsDemo/Info.plist;
				LD_RUNPATH_SEARCH_PATHS = (
					"$(inherited)",
					"@executable_path/Frameworks",
				);
				PRODUCT_BUNDLE_IDENTIFIER = com.sheikhbayazid.AdsDemo;
				PRODUCT_NAME = "$(TARGET_NAME)";
				SWIFT_VERSION = 5.0;
				TARGETED_DEVICE_FAMILY = "1,2";
			};
			name = Debug;
		};
		40D1ADF724E00D43000E8B12 /* Release */ = {
			isa = XCBuildConfiguration;
			baseConfigurationReference = B4A30A0B8CBEE438B511C719 /* Pods-AdsDemo.release.xcconfig */;
			buildSettings = {
				ASSETCATALOG_COMPILER_APPICON_NAME = AppIcon;
				CODE_SIGN_STYLE = Automatic;
				DEVELOPMENT_ASSET_PATHS = "\"AdsDemo/Preview Content\"";
				DEVELOPMENT_TEAM = SDJDQ86DG5;
				ENABLE_PREVIEWS = YES;
				INFOPLIST_FILE = AdsDemo/Info.plist;
				LD_RUNPATH_SEARCH_PATHS = (
					"$(inherited)",
					"@executable_path/Frameworks",
				);
				PRODUCT_BUNDLE_IDENTIFIER = com.sheikhbayazid.AdsDemo;
				PRODUCT_NAME = "$(TARGET_NAME)";
				SWIFT_VERSION = 5.0;
				TARGETED_DEVICE_FAMILY = "1,2";
			};
			name = Release;
		};
/* End XCBuildConfiguration section */

/* Begin XCConfigurationList section */
		40D1ADDC24E00D40000E8B12 /* Build configuration list for PBXProject "AdsDemo" */ = {
			isa = XCConfigurationList;
			buildConfigurations = (
				40D1ADF324E00D43000E8B12 /* Debug */,
				40D1ADF424E00D43000E8B12 /* Release */,
			);
			defaultConfigurationIsVisible = 0;
			defaultConfigurationName = Release;
		};
		40D1ADF524E00D43000E8B12 /* Build configuration list for PBXNativeTarget "AdsDemo" */ = {
			isa = XCConfigurationList;
			buildConfigurations = (
				40D1ADF624E00D43000E8B12 /* Debug */,
				40D1ADF724E00D43000E8B12 /* Release */,
			);
			defaultConfigurationIsVisible = 0;
			defaultConfigurationName = Release;
		};
/* End XCConfigurationList section */

/* Begin XCRemoteSwiftPackageReference section */
		40D1ADF824E00DBA000E8B12 /* XCRemoteSwiftPackageReference "neumorphic" */ = {
			isa = XCRemoteSwiftPackageReference;
			repositoryURL = "https://github.com/costachung/neumorphic.git";
			requirement = {
				kind = upToNextMajorVersion;
				minimumVersion = 1.2.0;
			};
		};
/* End XCRemoteSwiftPackageReference section */

/* Begin XCSwiftPackageProductDependency section */
		40D1ADF924E00DBA000E8B12 /* Neumorphic */ = {
			isa = XCSwiftPackageProductDependency;
			package = 40D1ADF824E00DBA000E8B12 /* XCRemoteSwiftPackageReference "neumorphic" */;
			productName = Neumorphic;
		};
/* End XCSwiftPackageProductDependency section */
	};
	rootObject = 40D1ADD924E00D40000E8B12 /* Project object */;
}
